
Microsoft Visual Studio Solution File, Format Version 12.00
# Visual Studio Version 16
VisualStudioVersion = 16.0.30804.86
MinimumVisualStudioVersion = 10.0.40219.1
Project("{888888A0-9F3D-457C-B088-3A5042F75D52}") = "weatherAppProject", "weatherAppProject.pyproj", "{ECE3E5C0-C151-41AD-8286-411C58EE8656}"
EndProject
Global
	GlobalSection(SolutionConfigurationPlatforms) = preSolution
		Debug|Any CPU = Debug|Any CPU
		Release|Any CPU = Release|Any CPU
	EndGlobalSection
	GlobalSection(ProjectConfigurationPlatforms) = postSolution
		{ECE3E5C0-C151-41AD-8286-411C58EE8656}.Debug|Any CPU.ActiveCfg = Debug|Any CPU
		{ECE3E5C0-C151-41AD-8286-411C58EE8656}.Release|Any CPU.ActiveCfg = Release|Any CPU
	EndGlobalSection
	GlobalSection(SolutionProperties) = preSolution
		HideSolutionNode = FALSE
	EndGlobalSection
	GlobalSection(ExtensibilityGlobals) = postSolution
		SolutionGuid = {64B6D3B5-EB7E-48C1-B087-E561AC7E1730}
	EndGlobalSection
EndGlobal
